# THIS IS AN AUTOGENERATED FILE. DO NOT EDIT THIS FILE DIRECTLY.
# yarn lockfile v1


"@babel/parser@^7.15.0":
  version "7.15.8"
  resolved "https://registry.npmmirror.com/@babel/parser/download/@babel/parser-7.15.8.tgz#7bacdcbe71bdc3ff936d510c15dcea7cf0b99016"
  integrity sha1-e6zcvnG9w/+TbVEMFdzqfPC5kBY=

"@googlemaps/js-api-loader@^1.12.10", "@googlemaps/js-api-loader@^1.12.11":
  version "1.12.12"
  resolved "https://registry.npmmirror.com/@googlemaps/js-api-loader/download/@googlemaps/js-api-loader-1.12.12.tgz#36dca73f76ec19b21aa134475301356ed9bd1006"
  integrity sha512-wDsAvBcaW3Y7KXfig8grwJh8Wanh12J+SbJhi5DnjOOzL3Ssrz44KRNJ88Qgr67rTyCoa2VI5ImisfKcOBEEnQ==
  dependencies:
    fast-deep-equal "^3.1.3"

"@intlify/core-base@9.2.0-beta.25":
  version "9.2.0-beta.25"
  resolved "https://registry.npmmirror.com/@intlify/core-base/download/@intlify/core-base-9.2.0-beta.25.tgz#f48dfc6c05fcc7d7929d88010e1b605d076224c5"
  integrity sha512-ReJ1qytJQ1pD3YIM474MFzAFIA/MNO3LiIogXQslK89WVFxCklAQOQQOe075AMAi90ng+fZM4/bp6hslQgjn4w==
  dependencies:
    "@intlify/devtools-if" "9.2.0-beta.25"
    "@intlify/message-compiler" "9.2.0-beta.25"
    "@intlify/shared" "9.2.0-beta.25"
    "@intlify/vue-devtools" "9.2.0-beta.25"

"@intlify/devtools-if@9.2.0-beta.25":
  version "9.2.0-beta.25"
  resolved "https://registry.npmmirror.com/@intlify/devtools-if/download/@intlify/devtools-if-9.2.0-beta.25.tgz#44bcfeb43912d9eff71cbdd712964692aef7e933"
  integrity sha512-iqBKiQ4rRP0xbbkq00o/TmfmsEBQulnCMO8JuZ5kBBroXqwyp65dQ6DbwojjP+TG0ON5IFKL39JntF96sin1LQ==
  dependencies:
    "@intlify/shared" "9.2.0-beta.25"

"@intlify/message-compiler@9.2.0-beta.25":
  version "9.2.0-beta.25"
  resolved "https://registry.npmmirror.com/@intlify/message-compiler/download/@intlify/message-compiler-9.2.0-beta.25.tgz#360df77b5233c05a29b0a3512cda292f22bcdfc7"
  integrity sha512-/YMG6LmQLvD8uHCJvWLaK0t8exYbek3ya4BZZ99AcM5+JC/JRdLIK8WiVJnGpfrvleQArxvHed4GokS+oWZ5rQ==
  dependencies:
    "@intlify/shared" "9.2.0-beta.25"
    source-map "0.6.1"

"@intlify/shared@9.2.0-beta.25":
  version "9.2.0-beta.25"
  resolved "https://registry.npmmirror.com/@intlify/shared/download/@intlify/shared-9.2.0-beta.25.tgz#a178975e77dcca59203f46269037ea1d4b858899"
  integrity sha512-I2L05aWh0azr5KwQjLV7gMTN0SrdglgMAfpJniT53Pvvc8l+OTs8IEhdPCQwsbgOravpWt14O7m3deOzw3ln6w==

"@intlify/vue-devtools@9.2.0-beta.25":
  version "9.2.0-beta.25"
  resolved "https://registry.npmmirror.com/@intlify/vue-devtools/download/@intlify/vue-devtools-9.2.0-beta.25.tgz#6b0ffd2280b4bf38d74adce7d2fc74dbc655ee27"
  integrity sha512-47rmZmrM1FihTWQkixgYu3lOCBpT1NyGfYSxSYnUw1s2Ky8w84S81nYmbus2GZjfj/zAovkKyRNclETVTy6O2Q==
  dependencies:
    "@intlify/core-base" "9.2.0-beta.25"
    "@intlify/shared" "9.2.0-beta.25"

"@popperjs/core@^2.9.2":
  version "2.11.0"
  resolved "https://registry.npmmirror.com/@popperjs/core/download/@popperjs/core-2.11.0.tgz#6734f8ebc106a0860dff7f92bf90df193f0935d7"
  integrity sha512-zrsUxjLOKAzdewIDRWy9nsV1GQsKBCWaGwsZQlCgr6/q+vjyZhFgqedLfFBuI9anTPEUT4APq9Mu0SZBTzIcGQ==

"@rollup/pluginutils@^4.1.2":
  version "4.1.2"
  resolved "https://registry.npmmirror.com/@rollup/pluginutils/download/@rollup/pluginutils-4.1.2.tgz#ed5821c15e5e05e32816f5fb9ec607cdf5a75751"
  integrity sha512-ROn4qvkxP9SyPeHaf7uQC/GPFY6L/OWy9+bd9AwcjOAWQwxRscoEyAUD8qCY5o5iL4jqQwoLk2kaTKJPb/HwzQ==
  dependencies:
    estree-walker "^2.0.1"
    picomatch "^2.2.2"

"@vant/icons@^1.7.1":
  version "1.7.3"
  resolved "https://registry.npmmirror.com/@vant/icons/download/@vant/icons-1.7.3.tgz#e51b46065cfde445617401ebe309a33b62a29725"
  integrity sha512-tW4EqzxN4kXw1rnlnQJQHofEifPbt/gECOWiibomht8QLyvoGuE4iUmDFS288dJ07ZjuTy0bhdABj0SENo2fmQ==

"@vant/popperjs@^1.1.0":
  version "1.1.0"
  resolved "https://registry.nlark.com/@vant/popperjs/download/@vant/popperjs-1.1.0.tgz#b4edee5bbfa6fb18705986e313d4fd5f17942a0f"
  integrity sha1-tO3uW7+m+xhwWYbjE9T9XxeUKg8=
  dependencies:
    "@popperjs/core" "^2.9.2"

"@vant/use@^1.3.4":
  version "1.3.4"
  resolved "https://registry.npmmirror.com/@vant/use/download/@vant/use-1.3.4.tgz?cache=0&sync_timestamp=1637544008080&other_urls=https%3A%2F%2Fregistry.npmmirror.com%2F%40vant%2Fuse%2Fdownload%2F%40vant%2Fuse-1.3.4.tgz#f99482d63682973a2775aa5c1a9cf906862a4f71"
  integrity sha512-XvZkPCjcmEBhD+T3vB68thOG6P9jazld6aBTMenhbAQd4FT/x9AiKIWPJx4MvhYoSIWt7fju6K01XTJldWs1hw==

"@vitejs/plugin-vue@^1.9.3":
  version "1.9.3"
  resolved "https://registry.npmmirror.com/@vitejs/plugin-vue/download/@vitejs/plugin-vue-1.9.3.tgz#93d61893ce6c723d0209af0483ec8b91a2cd811f"
  integrity sha1-k9YYk85scj0CCa8Eg+yLkaLNgR8=

"@vue/compiler-core@3.2.20":
  version "3.2.20"
  resolved "https://registry.npmmirror.com/@vue/compiler-core/download/@vue/compiler-core-3.2.20.tgz?cache=0&sync_timestamp=1633712761777&other_urls=https%3A%2F%2Fregistry.npmmirror.com%2F%40vue%2Fcompiler-core%2Fdownload%2F%40vue%2Fcompiler-core-3.2.20.tgz#af5a3c5237818835b0d0be837eb5885a8d21c160"
  integrity sha1-r1o8UjeBiDWw0L6DfrWIWo0hwWA=
  dependencies:
    "@babel/parser" "^7.15.0"
    "@vue/shared" "3.2.20"
    estree-walker "^2.0.2"
    source-map "^0.6.1"

"@vue/compiler-dom@3.2.20":
  version "3.2.20"
  resolved "https://registry.npmmirror.com/@vue/compiler-dom/download/@vue/compiler-dom-3.2.20.tgz?cache=0&sync_timestamp=1633712762936&other_urls=https%3A%2F%2Fregistry.npmmirror.com%2F%40vue%2Fcompiler-dom%2Fdownload%2F%40vue%2Fcompiler-dom-3.2.20.tgz#8e0ef354449c0faf41519b00bfc2045eae01dcb5"
  integrity sha1-jg7zVEScD69BUZsAv8IEXq4B3LU=
  dependencies:
    "@vue/compiler-core" "3.2.20"
    "@vue/shared" "3.2.20"

"@vue/compiler-sfc@3.2.20":
  version "3.2.20"
  resolved "https://registry.npmmirror.com/@vue/compiler-sfc/download/@vue/compiler-sfc-3.2.20.tgz?cache=0&sync_timestamp=1633712762379&other_urls=https%3A%2F%2Fregistry.npmmirror.com%2F%40vue%2Fcompiler-sfc%2Fdownload%2F%40vue%2Fcompiler-sfc-3.2.20.tgz#2d7668e76f066c566dd7c09c15c9acce4e876e0a"
  integrity sha1-LXZo528GbFZt18CcFcmszk6Hbgo=
  dependencies:
    "@babel/parser" "^7.15.0"
    "@vue/compiler-core" "3.2.20"
    "@vue/compiler-dom" "3.2.20"
    "@vue/compiler-ssr" "3.2.20"
    "@vue/ref-transform" "3.2.20"
    "@vue/shared" "3.2.20"
    estree-walker "^2.0.2"
    magic-string "^0.25.7"
    postcss "^8.1.10"
    source-map "^0.6.1"

"@vue/compiler-ssr@3.2.20":
  version "3.2.20"
  resolved "https://registry.npmmirror.com/@vue/compiler-ssr/download/@vue/compiler-ssr-3.2.20.tgz?cache=0&sync_timestamp=1633712764229&other_urls=https%3A%2F%2Fregistry.npmmirror.com%2F%40vue%2Fcompiler-ssr%2Fdownload%2F%40vue%2Fcompiler-ssr-3.2.20.tgz#9cceb6261d9932cb5568202610c1c28f86c5e521"
  integrity sha1-nM62Jh2ZMstVaCAmEMHCj4bF5SE=
  dependencies:
    "@vue/compiler-dom" "3.2.20"
    "@vue/shared" "3.2.20"

"@vue/devtools-api@^6.0.0-beta.11", "@vue/devtools-api@^6.0.0-beta.13", "@vue/devtools-api@^6.0.0-beta.18":
  version "6.0.0-beta.21.1"
  resolved "https://registry.npmmirror.com/@vue/devtools-api/download/@vue/devtools-api-6.0.0-beta.21.1.tgz#f1410f53c42aa67fa3b01ca7bdba891f69d7bc97"
  integrity sha512-FqC4s3pm35qGVeXRGOjTsRzlkJjrBLriDS9YXbflHLsfA9FrcKzIyWnLXoNm+/7930E8rRakXuAc2QkC50swAw==

"@vue/reactivity@3.2.20":
  version "3.2.20"
  resolved "https://registry.npmmirror.com/@vue/reactivity/download/@vue/reactivity-3.2.20.tgz?cache=0&sync_timestamp=1633712785771&other_urls=https%3A%2F%2Fregistry.npmmirror.com%2F%40vue%2Freactivity%2Fdownload%2F%40vue%2Freactivity-3.2.20.tgz#81fe1c368e7f20bc0ec1dec1045bbee253582de8"
  integrity sha1-gf4cNo5/ILwOwd7BBFu+4lNYLeg=
  dependencies:
    "@vue/shared" "3.2.20"

"@vue/ref-transform@3.2.20":
  version "3.2.20"
  resolved "https://registry.npmmirror.com/@vue/ref-transform/download/@vue/ref-transform-3.2.20.tgz?cache=0&sync_timestamp=1633712763825&other_urls=https%3A%2F%2Fregistry.npmmirror.com%2F%40vue%2Fref-transform%2Fdownload%2F%40vue%2Fref-transform-3.2.20.tgz#2a59ec90caf8e5c7336776a0900bff0a8b81c090"
  integrity sha1-KlnskMr45cczZ3agkAv/CouBwJA=
  dependencies:
    "@babel/parser" "^7.15.0"
    "@vue/compiler-core" "3.2.20"
    "@vue/shared" "3.2.20"
    estree-walker "^2.0.2"
    magic-string "^0.25.7"

"@vue/runtime-core@3.2.20":
  version "3.2.20"
  resolved "https://registry.npmmirror.com/@vue/runtime-core/download/@vue/runtime-core-3.2.20.tgz?cache=0&sync_timestamp=1633712786645&other_urls=https%3A%2F%2Fregistry.npmmirror.com%2F%40vue%2Fruntime-core%2Fdownload%2F%40vue%2Fruntime-core-3.2.20.tgz#8f63e956a3f88fb772541443c45a7701211012cb"
  integrity sha1-j2PpVqP4j7dyVBRDxFp3ASEQEss=
  dependencies:
    "@vue/reactivity" "3.2.20"
    "@vue/shared" "3.2.20"

"@vue/runtime-dom@3.2.20":
  version "3.2.20"
  resolved "https://registry.npmmirror.com/@vue/runtime-dom/download/@vue/runtime-dom-3.2.20.tgz?cache=0&sync_timestamp=1633712766458&other_urls=https%3A%2F%2Fregistry.npmmirror.com%2F%40vue%2Fruntime-dom%2Fdownload%2F%40vue%2Fruntime-dom-3.2.20.tgz#8aa56ae6c30f9cd4a71ca0e9ec3c4bdc67148d15"
  integrity sha1-iqVq5sMPnNSnHKDp7DxL3GcUjRU=
  dependencies:
    "@vue/runtime-core" "3.2.20"
    "@vue/shared" "3.2.20"
    csstype "^2.6.8"

"@vue/server-renderer@3.2.20":
  version "3.2.20"
  resolved "https://registry.npmmirror.com/@vue/server-renderer/download/@vue/server-renderer-3.2.20.tgz?cache=0&sync_timestamp=1633713532607&other_urls=https%3A%2F%2Fregistry.npmmirror.com%2F%40vue%2Fserver-renderer%2Fdownload%2F%40vue%2Fserver-renderer-3.2.20.tgz#705e07ae9425132b2b6227d308a51a13f4d4ec81"
  integrity sha1-cF4HrpQlEysrYifTCKUaE/TU7IE=
  dependencies:
    "@vue/compiler-ssr" "3.2.20"
    "@vue/shared" "3.2.20"

"@vue/shared@3.2.20":
  version "3.2.20"
  resolved "https://registry.npmmirror.com/@vue/shared/download/@vue/shared-3.2.20.tgz?cache=0&sync_timestamp=1633712765807&other_urls=https%3A%2F%2Fregistry.npmmirror.com%2F%40vue%2Fshared%2Fdownload%2F%40vue%2Fshared-3.2.20.tgz#53746961f731a8ea666e3316271e944238dc31db"
  integrity sha1-U3RpYfcxqOpmbjMWJx6UQjjcMds=

axios@^0.24.0:
  version "0.24.0"
  resolved "https://registry.npmmirror.com/axios/download/axios-0.24.0.tgz#804e6fa1e4b9c5288501dd9dff56a7a0940d20d6"
  integrity sha512-Q6cWsys88HoPgAaFAVUb0WpPk0O8iTeisR9IMqy9G8AbO4NlpVknrnQS03zzF9PGAWgO3cgletO3VjV/P7VztA==
  dependencies:
    follow-redirects "^1.14.4"

call-bind@^1.0.0:
  version "1.0.2"
  resolved "https://registry.nlark.com/call-bind/download/call-bind-1.0.2.tgz#b1d4e89e688119c3c9a903ad30abb2f6a919be3c"
  integrity sha1-sdTonmiBGcPJqQOtMKuy9qkZvjw=
  dependencies:
    function-bind "^1.1.1"
    get-intrinsic "^1.0.2"

camel-case@^4.1.2:
  version "4.1.2"
  resolved "https://registry.nlark.com/camel-case/download/camel-case-4.1.2.tgz?cache=0&sync_timestamp=1624608083534&other_urls=https%3A%2F%2Fregistry.nlark.com%2Fcamel-case%2Fdownload%2Fcamel-case-4.1.2.tgz#9728072a954f805228225a6deea6b38461e1bd5a"
  integrity sha1-lygHKpVPgFIoIlpt7qazhGHhvVo=
  dependencies:
    pascal-case "^3.1.2"
    tslib "^2.0.3"

capital-case@^1.0.4:
  version "1.0.4"
  resolved "https://registry.npm.taobao.org/capital-case/download/capital-case-1.0.4.tgz#9d130292353c9249f6b00fa5852bee38a717e669"
  integrity sha1-nRMCkjU8kkn2sA+lhSvuOKcX5mk=
  dependencies:
    no-case "^3.0.4"
    tslib "^2.0.3"
    upper-case-first "^2.0.2"

change-case@^4.1.2:
  version "4.1.2"
  resolved "https://registry.npm.taobao.org/change-case/download/change-case-4.1.2.tgz?cache=0&sync_timestamp=1606867703975&other_urls=https%3A%2F%2Fregistry.npm.taobao.org%2Fchange-case%2Fdownload%2Fchange-case-4.1.2.tgz#fedfc5f136045e2398c0410ee441f95704641e12"
  integrity sha1-/t/F8TYEXiOYwEEO5EH5VwRkHhI=
  dependencies:
    camel-case "^4.1.2"
    capital-case "^1.0.4"
    constant-case "^3.0.4"
    dot-case "^3.0.4"
    header-case "^2.0.4"
    no-case "^3.0.4"
    param-case "^3.0.4"
    pascal-case "^3.1.2"
    path-case "^3.0.4"
    sentence-case "^3.0.4"
    snake-case "^3.0.4"
    tslib "^2.0.3"

constant-case@^3.0.4:
  version "3.0.4"
  resolved "https://registry.npm.taobao.org/constant-case/download/constant-case-3.0.4.tgz#3b84a9aeaf4cf31ec45e6bf5de91bdfb0589faf1"
  integrity sha1-O4Sprq9M8x7EXmv13pG9+wWJ+vE=
  dependencies:
    no-case "^3.0.4"
    tslib "^2.0.3"
    upper-case "^2.0.2"

copy-anything@^2.0.1:
  version "2.0.3"
  resolved "https://registry.npm.taobao.org/copy-anything/download/copy-anything-2.0.3.tgz?cache=0&other_urls=https%3A%2F%2Fregistry.npm.taobao.org%2Fcopy-anything%2Fdownload%2Fcopy-anything-2.0.3.tgz#842407ba02466b0df844819bbe3baebbe5d45d87"
  integrity sha1-hCQHugJGaw34RIGbvjuuu+XUXYc=
  dependencies:
    is-what "^3.12.0"

csstype@^2.6.8:
  version "2.6.18"
  resolved "https://registry.nlark.com/csstype/download/csstype-2.6.18.tgz?cache=0&sync_timestamp=1631540709509&other_urls=https%3A%2F%2Fregistry.nlark.com%2Fcsstype%2Fdownload%2Fcsstype-2.6.18.tgz#980a8b53085f34af313410af064f2bd241784218"
  integrity sha1-mAqLUwhfNK8xNBCvBk8r0kF4Qhg=

debug@^3.2.6:
  version "3.2.7"
  resolved "https://registry.npmmirror.com/debug/download/debug-3.2.7.tgz#72580b7e9145fb39b6676f9c5e5fb100b934179a"
  integrity sha512-CFjzYYAi4ThfiQvizrFQevTTXHtnCqWfe7x1AhgEscTz6ZbLbfoLRLPugTQyBth6f8ZERVUSyWHFD/7Wu4t1XQ==
  dependencies:
    ms "^2.1.1"

debug@^4.3.3:
  version "4.3.3"
  resolved "https://registry.npmmirror.com/debug/download/debug-4.3.3.tgz#04266e0b70a98d4462e6e288e38259213332b664"
  integrity sha512-/zxw5+vh1Tfv+4Qn7a5nsbcJKPaSvCDhojn6FEl9vupwK2VCSDtEiEtqr8DFtzYFOdz63LBkxec7DYuc2jon6Q==
  dependencies:
    ms "2.1.2"

dot-case@^3.0.4:
  version "3.0.4"
  resolved "https://registry.npm.taobao.org/dot-case/download/dot-case-3.0.4.tgz#9b2b670d00a431667a8a75ba29cd1b98809ce751"
  integrity sha1-mytnDQCkMWZ6inW6Kc0bmICc51E=
  dependencies:
    no-case "^3.0.4"
    tslib "^2.0.3"

errno@^0.1.1:
  version "0.1.8"
  resolved "https://registry.nlark.com/errno/download/errno-0.1.8.tgz#8bb3e9c7d463be4976ff888f76b4809ebc2e811f"
  integrity sha1-i7Ppx9Rjvkl2/4iPdrSAnrwugR8=
  dependencies:
    prr "~1.0.1"

es-module-lexer@^0.9.3:
  version "0.9.3"
  resolved "https://registry.npmmirror.com/es-module-lexer/download/es-module-lexer-0.9.3.tgz#6f13db00cc38417137daf74366f535c8eb438f19"
  integrity sha1-bxPbAMw4QXE32vdDZvU1yOtDjxk=

esbuild-android-arm64@0.13.9:
  version "0.13.9"
  resolved "https://registry.npmmirror.com/esbuild-android-arm64/download/esbuild-android-arm64-0.13.9.tgz#6cc4a0c623332c0830a311ddd8242b1f496ff940"
  integrity sha1-bMSgxiMzLAgwoxHd2CQrH0lv+UA=

esbuild-darwin-64@0.13.9:
  version "0.13.9"
  resolved "https://registry.npmmirror.com/esbuild-darwin-64/download/esbuild-darwin-64-0.13.9.tgz?cache=0&sync_timestamp=1635080304277&other_urls=https%3A%2F%2Fregistry.npmmirror.com%2Fesbuild-darwin-64%2Fdownload%2Fesbuild-darwin-64-0.13.9.tgz#df44297c2438032cda2b21548a82bb007e2105cc"
  integrity sha1-30QpfCQ4AyzaKyFUioK7AH4hBcw=

esbuild-darwin-arm64@0.13.9:
  version "0.13.9"
  resolved "https://registry.npmmirror.com/esbuild-darwin-arm64/download/esbuild-darwin-arm64-0.13.9.tgz#704ef404a6a38eda190d40ed354e7f2c1c839081"
  integrity sha1-cE70BKajjtoZDUDtNU5/LByDkIE=

esbuild-freebsd-64@0.13.9:
  version "0.13.9"
  resolved "https://registry.npmmirror.com/esbuild-freebsd-64/download/esbuild-freebsd-64-0.13.9.tgz#fbbf22c99e15f27d0f8a1a040d7961a86f0d3a4e"
  integrity sha1-+78iyZ4V8n0PihoEDXlhqG8NOk4=

esbuild-freebsd-arm64@0.13.9:
  version "0.13.9"
  resolved "https://registry.npmmirror.com/esbuild-freebsd-arm64/download/esbuild-freebsd-arm64-0.13.9.tgz#809fff4c43653dbbf071ffce9f80a030b278098e"
  integrity sha1-gJ//TENlPbvwcf/On4CgMLJ4CY4=

esbuild-linux-32@0.13.9:
  version "0.13.9"
  resolved "https://registry.npmmirror.com/esbuild-linux-32/download/esbuild-linux-32-0.13.9.tgz?cache=0&sync_timestamp=1635080170090&other_urls=https%3A%2F%2Fregistry.npmmirror.com%2Fesbuild-linux-32%2Fdownload%2Fesbuild-linux-32-0.13.9.tgz#f9fd3423481e51674e9817d5eea25689889a5f5a"
  integrity sha1-+f00I0geUWdOmBfV7qJWiYiaX1o=

esbuild-linux-64@0.13.9:
  version "0.13.9"
  resolved "https://registry.npmmirror.com/esbuild-linux-64/download/esbuild-linux-64-0.13.9.tgz?cache=0&sync_timestamp=1635080383748&other_urls=https%3A%2F%2Fregistry.npmmirror.com%2Fesbuild-linux-64%2Fdownload%2Fesbuild-linux-64-0.13.9.tgz#9d7f66866dae1abaff7cbc3749f2847d5fb72fd5"
  integrity sha1-nX9mhm2uGrr/fLw3SfKEfV+3L9U=

esbuild-linux-arm64@0.13.9:
  version "0.13.9"
  resolved "https://registry.npmmirror.com/esbuild-linux-arm64/download/esbuild-linux-arm64-0.13.9.tgz#669202e71b9ced4d285bfd1d69de948e013ac28f"
  integrity sha1-ZpIC5xuc7U0oW/0dad6UjgE6wo8=

esbuild-linux-arm@0.13.9:
  version "0.13.9"
  resolved "https://registry.npmmirror.com/esbuild-linux-arm/download/esbuild-linux-arm-0.13.9.tgz#c3ceb56ec0e3dbd1a3a89dca6cb7fc0ca360bcc8"
  integrity sha1-w861bsDj29GjqJ3KbLf8DKNgvMg=

esbuild-linux-mips64le@0.13.9:
  version "0.13.9"
  resolved "https://registry.npmmirror.com/esbuild-linux-mips64le/download/esbuild-linux-mips64le-0.13.9.tgz?cache=0&sync_timestamp=1635080176930&other_urls=https%3A%2F%2Fregistry.npmmirror.com%2Fesbuild-linux-mips64le%2Fdownload%2Fesbuild-linux-mips64le-0.13.9.tgz#bf4bd389ee14b67c5c77669952f2de6b2cc8a003"
  integrity sha1-v0vTie4Utnxcd2aZUvLeayzIoAM=

esbuild-linux-ppc64le@0.13.9:
  version "0.13.9"
  resolved "https://registry.npmmirror.com/esbuild-linux-ppc64le/download/esbuild-linux-ppc64le-0.13.9.tgz?cache=0&sync_timestamp=1635080180536&other_urls=https%3A%2F%2Fregistry.npmmirror.com%2Fesbuild-linux-ppc64le%2Fdownload%2Fesbuild-linux-ppc64le-0.13.9.tgz#465b7bdc70577da606b3b5d463028292b6d834ad"
  integrity sha1-Rlt73HBXfaYGs7XUYwKCkrbYNK0=

esbuild-netbsd-64@0.13.9:
  version "0.13.9"
  resolved "https://registry.npmmirror.com/esbuild-netbsd-64/download/esbuild-netbsd-64-0.13.9.tgz#94f2dabe83520066cc1e1fae3ecff78695a8ebb1"
  integrity sha1-lPLavoNSAGbMHh+uPs/3hpWo67E=

esbuild-openbsd-64@0.13.9:
  version "0.13.9"
  resolved "https://registry.npmmirror.com/esbuild-openbsd-64/download/esbuild-openbsd-64-0.13.9.tgz#b47f6a641ca37358aeedb2b7c4bb73dd0682c6d5"
  integrity sha1-tH9qZByjc1iu7bK3xLtz3QaCxtU=

esbuild-sunos-64@0.13.9:
  version "0.13.9"
  resolved "https://registry.npmmirror.com/esbuild-sunos-64/download/esbuild-sunos-64-0.13.9.tgz?cache=0&sync_timestamp=1635080207181&other_urls=https%3A%2F%2Fregistry.npmmirror.com%2Fesbuild-sunos-64%2Fdownload%2Fesbuild-sunos-64-0.13.9.tgz#b0df4a316b7c98eb490f4bd0db381cf2c391ae73"
  integrity sha1-sN9KMWt8mOtJD0vQ2zgc8sORrnM=

esbuild-windows-32@0.13.9:
  version "0.13.9"
  resolved "https://registry.npmmirror.com/esbuild-windows-32/download/esbuild-windows-32-0.13.9.tgz#e229563e134e634f9748cc8315c691e2013259ef"
  integrity sha1-4ilWPhNOY0+XSMyDFcaR4gEyWe8=

esbuild-windows-64@0.13.9:
  version "0.13.9"
  resolved "https://registry.npmmirror.com/esbuild-windows-64/download/esbuild-windows-64-0.13.9.tgz#103ad3f13e1a0e44934b91f358e81dd201b86b34"
  integrity sha1-EDrT8T4aDkSTS5HzWOgd0gG4azQ=

esbuild-windows-arm64@0.13.9:
  version "0.13.9"
  resolved "https://registry.npmmirror.com/esbuild-windows-arm64/download/esbuild-windows-arm64-0.13.9.tgz?cache=0&sync_timestamp=1635080204975&other_urls=https%3A%2F%2Fregistry.npmmirror.com%2Fesbuild-windows-arm64%2Fdownload%2Fesbuild-windows-arm64-0.13.9.tgz#545bb58848008258b339b1b00fcfe92c85bc7251"
  integrity sha1-VFu1iEgAglizObGwD8/pLIW8clE=

esbuild@^0.13.2:
  version "0.13.9"
  resolved "https://registry.npmmirror.com/esbuild/download/esbuild-0.13.9.tgz#aafc4b3375ac443ae7b223c26c4e58d10d2d535b"
  integrity sha1-qvxLM3WsRDrnsiPCbE5Y0Q0tU1s=
  optionalDependencies:
    esbuild-android-arm64 "0.13.9"
    esbuild-darwin-64 "0.13.9"
    esbuild-darwin-arm64 "0.13.9"
    esbuild-freebsd-64 "0.13.9"
    esbuild-freebsd-arm64 "0.13.9"
    esbuild-linux-32 "0.13.9"
    esbuild-linux-64 "0.13.9"
    esbuild-linux-arm "0.13.9"
    esbuild-linux-arm64 "0.13.9"
    esbuild-linux-mips64le "0.13.9"
    esbuild-linux-ppc64le "0.13.9"
    esbuild-netbsd-64 "0.13.9"
    esbuild-openbsd-64 "0.13.9"
    esbuild-sunos-64 "0.13.9"
    esbuild-windows-32 "0.13.9"
    esbuild-windows-64 "0.13.9"
    esbuild-windows-arm64 "0.13.9"

estree-walker@^2.0.1, estree-walker@^2.0.2:
  version "2.0.2"
  resolved "https://registry.nlark.com/estree-walker/download/estree-walker-2.0.2.tgz#52f010178c2a4c117a7757cfe942adb7d2da4cac"
  integrity sha1-UvAQF4wqTBF6d1fP6UKtt9LaTKw=

fast-deep-equal@^3.1.3:
  version "3.1.3"
  resolved "https://registry.npm.taobao.org/fast-deep-equal/download/fast-deep-equal-3.1.3.tgz#3a7d56b559d6cbc3eb512325244e619a65c6c525"
  integrity sha1-On1WtVnWy8PrUSMlJE5hmmXGxSU=

follow-redirects@^1.14.4:
  version "1.14.6"
  resolved "https://registry.npmmirror.com/follow-redirects/download/follow-redirects-1.14.6.tgz#8cfb281bbc035b3c067d6cd975b0f6ade6e855cd"
  integrity sha512-fhUl5EwSJbbl8AR+uYL2KQDxLkdSjZGR36xy46AO7cOMTrCMON6Sa28FmAnC2tRTDbd/Uuzz3aJBv7EBN7JH8A==

fs-extra@^10.0.0:
  version "10.0.0"
  resolved "https://registry.nlark.com/fs-extra/download/fs-extra-10.0.0.tgz#9ff61b655dde53fb34a82df84bb214ce802e17c1"
  integrity sha1-n/YbZV3eU/s0qC34S7IUzoAuF8E=
  dependencies:
    graceful-fs "^4.2.0"
    jsonfile "^6.0.1"
    universalify "^2.0.0"

fsevents@~2.3.2:
  version "2.3.2"
  resolved "https://registry.npm.taobao.org/fsevents/download/fsevents-2.3.2.tgz#8a526f78b8fdf4623b709e0b975c52c24c02fd1a"
  integrity sha1-ilJveLj99GI7cJ4Ll1xSwkwC/Ro=

function-bind@^1.1.1:
  version "1.1.1"
  resolved "https://registry.nlark.com/function-bind/download/function-bind-1.1.1.tgz#a56899d3ea3c9bab874bb9773b7c5ede92f4895d"
  integrity sha1-pWiZ0+o8m6uHS7l3O3xe3pL0iV0=

get-intrinsic@^1.0.2:
  version "1.1.1"
  resolved "https://registry.nlark.com/get-intrinsic/download/get-intrinsic-1.1.1.tgz#15f59f376f855c446963948f0d24cd3637b4abc6"
  integrity sha1-FfWfN2+FXERpY5SPDSTNNje0q8Y=
  dependencies:
    function-bind "^1.1.1"
    has "^1.0.3"
    has-symbols "^1.0.1"

graceful-fs@^4.1.2, graceful-fs@^4.1.6, graceful-fs@^4.2.0:
  version "4.2.8"
  resolved "https://registry.npmmirror.com/graceful-fs/download/graceful-fs-4.2.8.tgz#e412b8d33f5e006593cbd3cee6df9f2cebbe802a"
  integrity sha1-5BK40z9eAGWTy9PO5t+fLOu+gCo=

has-symbols@^1.0.1:
  version "1.0.2"
  resolved "https://registry.nlark.com/has-symbols/download/has-symbols-1.0.2.tgz#165d3070c00309752a1236a479331e3ac56f1423"
  integrity sha1-Fl0wcMADCXUqEjakeTMeOsVvFCM=

has@^1.0.3:
  version "1.0.3"
  resolved "https://registry.nlark.com/has/download/has-1.0.3.tgz#722d7cbfc1f6aa8241f16dd814e011e1f41e8796"
  integrity sha1-ci18v8H2qoJB8W3YFOAR4fQeh5Y=
  dependencies:
    function-bind "^1.1.1"

header-case@^2.0.4:
  version "2.0.4"
  resolved "https://registry.npm.taobao.org/header-case/download/header-case-2.0.4.tgz#5a42e63b55177349cf405beb8d775acabb92c063"
  integrity sha1-WkLmO1UXc0nPQFvrjXdayruSwGM=
  dependencies:
    capital-case "^1.0.4"
    tslib "^2.0.3"

iconv-lite@^0.4.4:
  version "0.4.24"
  resolved "https://registry.nlark.com/iconv-lite/download/iconv-lite-0.4.24.tgz#2022b4b25fbddc21d2f524974a474aafe733908b"
  integrity sha1-ICK0sl+93CHS9SSXSkdKr+czkIs=
  dependencies:
    safer-buffer ">= 2.1.2 < 3"

image-size@~0.5.0:
  version "0.5.5"
  resolved "https://registry.nlark.com/image-size/download/image-size-0.5.5.tgz#09dfd4ab9d20e29eb1c3e80b8990378df9e3cb9c"
  integrity sha1-Cd/Uq50g4p6xw+gLiZA3jfnjy5w=

is-core-module@^2.2.0:
  version "2.8.0"
  resolved "https://registry.npmmirror.com/is-core-module/download/is-core-module-2.8.0.tgz?cache=0&sync_timestamp=1634236731601&other_urls=https%3A%2F%2Fregistry.npmmirror.com%2Fis-core-module%2Fdownload%2Fis-core-module-2.8.0.tgz#0321336c3d0925e497fd97f5d95cb114a5ccd548"
  integrity sha1-AyEzbD0JJeSX/Zf12VyxFKXM1Ug=
  dependencies:
    has "^1.0.3"

is-what@^3.12.0:
  version "3.14.1"
  resolved "https://registry.npmmirror.com/is-what/download/is-what-3.14.1.tgz#e1222f46ddda85dead0fd1c9df131760e77755c1"
  integrity sha1-4SIvRt3ahd6tD9HJ3xMXYOd3VcE=

jsonfile@^6.0.1:
  version "6.1.0"
  resolved "https://registry.nlark.com/jsonfile/download/jsonfile-6.1.0.tgz?cache=0&sync_timestamp=1618846895804&other_urls=https%3A%2F%2Fregistry.nlark.com%2Fjsonfile%2Fdownload%2Fjsonfile-6.1.0.tgz#bc55b2634793c679ec6403094eb13698a6ec0aae"
  integrity sha1-vFWyY0eTxnnsZAMJTrE2mKbsCq4=
  dependencies:
    universalify "^2.0.0"
  optionalDependencies:
    graceful-fs "^4.1.6"

klona@^2.0.4:
  version "2.0.5"
  resolved "https://registry.npmmirror.com/klona/download/klona-2.0.5.tgz?cache=0&sync_timestamp=1635385383825&other_urls=https%3A%2F%2Fregistry.npmmirror.com%2Fklona%2Fdownload%2Fklona-2.0.5.tgz#d166574d90076395d9963aa7a928fabb8d76afbc"
  integrity sha1-0WZXTZAHY5XZljqnqSj6u412r7w=

less-loader@^10.2.0:
  version "10.2.0"
  resolved "https://registry.npmmirror.com/less-loader/download/less-loader-10.2.0.tgz?cache=0&sync_timestamp=1634563207805&other_urls=https%3A%2F%2Fregistry.npmmirror.com%2Fless-loader%2Fdownload%2Fless-loader-10.2.0.tgz#97286d8797dc3dc05b1d16b0ecec5f968bdd4e32"
  integrity sha1-lyhth5fcPcBbHRaw7OxflovdTjI=
  dependencies:
    klona "^2.0.4"

less@^4.1.2:
  version "4.1.2"
  resolved "https://registry.npmmirror.com/less/download/less-4.1.2.tgz#6099ee584999750c2624b65f80145f8674e4b4b0"
  integrity sha512-EoQp/Et7OSOVu0aJknJOtlXZsnr8XE8KwuzTHOLeVSEx8pVWUICc8Q0VYRHgzyjX78nMEyC/oztWFbgyhtNfDA==
  dependencies:
    copy-anything "^2.0.1"
    parse-node-version "^1.0.1"
    tslib "^2.3.0"
  optionalDependencies:
    errno "^0.1.1"
    graceful-fs "^4.1.2"
    image-size "~0.5.0"
    make-dir "^2.1.0"
    mime "^1.4.1"
    needle "^2.5.2"
    source-map "~0.6.0"

lower-case@^2.0.2:
  version "2.0.2"
  resolved "https://registry.nlark.com/lower-case/download/lower-case-2.0.2.tgz?cache=0&sync_timestamp=1624607698082&other_urls=https%3A%2F%2Fregistry.nlark.com%2Flower-case%2Fdownload%2Flower-case-2.0.2.tgz#6fa237c63dbdc4a82ca0fd882e4722dc5e634e28"
  integrity sha1-b6I3xj29xKgsoP2ILkci3F5jTig=
  dependencies:
    tslib "^2.0.3"

magic-string@^0.25.7:
  version "0.25.7"
  resolved "https://registry.nlark.com/magic-string/download/magic-string-0.25.7.tgz?cache=0&sync_timestamp=1618847046304&other_urls=https%3A%2F%2Fregistry.nlark.com%2Fmagic-string%2Fdownload%2Fmagic-string-0.25.7.tgz#3f497d6fd34c669c6798dcb821f2ef31f5445051"
  integrity sha1-P0l9b9NMZpxnmNy4IfLvMfVEUFE=
  dependencies:
    sourcemap-codec "^1.4.4"

make-dir@^2.1.0:
  version "2.1.0"
  resolved "https://registry.nlark.com/make-dir/download/make-dir-2.1.0.tgz#5f0310e18b8be898cc07009295a30ae41e91e6f5"
  integrity sha1-XwMQ4YuL6JjMBwCSlaMK5B6R5vU=
  dependencies:
    pify "^4.0.1"
    semver "^5.6.0"

mime@^1.4.1:
  version "1.6.0"
  resolved "https://registry.npmmirror.com/mime/download/mime-1.6.0.tgz#32cd9e5c64553bd58d19a568af452acff04981b1"
  integrity sha1-Ms2eXGRVO9WNGaVor0Uqz/BJgbE=

ms@2.1.2:
  version "2.1.2"
  resolved "https://registry.npmmirror.com/ms/download/ms-2.1.2.tgz#d09d1f357b443f493382a8eb3ccd183872ae6009"
  integrity sha1-0J0fNXtEP0kzgqjrPM0YOHKuYAk=

ms@^2.1.1:
  version "2.1.3"
  resolved "https://registry.npmmirror.com/ms/download/ms-2.1.3.tgz#574c8138ce1d2b5861f0b44579dbadd60c6615b2"
  integrity sha1-V0yBOM4dK1hh8LRFedut1gxmFbI=

nanoid@^3.1.30:
  version "3.1.30"
  resolved "https://registry.npmmirror.com/nanoid/download/nanoid-3.1.30.tgz#63f93cc548d2a113dc5dfbc63bfa09e2b9b64362"
  integrity sha1-Y/k8xUjSoRPcXfvGO/oJ4rm2Q2I=

needle@^2.5.2:
  version "2.9.1"
  resolved "https://registry.nlark.com/needle/download/needle-2.9.1.tgz?cache=0&sync_timestamp=1630678823714&other_urls=https%3A%2F%2Fregistry.nlark.com%2Fneedle%2Fdownload%2Fneedle-2.9.1.tgz#22d1dffbe3490c2b83e301f7709b6736cd8f2684"
  integrity sha1-ItHf++NJDCuD4wH3cJtnNs2PJoQ=
  dependencies:
    debug "^3.2.6"
    iconv-lite "^0.4.4"
    sax "^1.2.4"

no-case@^3.0.4:
  version "3.0.4"
  resolved "https://registry.nlark.com/no-case/download/no-case-3.0.4.tgz#d361fd5c9800f558551a8369fc0dcd4662b6124d"
  integrity sha1-02H9XJgA9VhVGoNp/A3NRmK2Ek0=
  dependencies:
    lower-case "^2.0.2"
    tslib "^2.0.3"

object-inspect@^1.9.0:
  version "1.12.0"
  resolved "https://registry.npmmirror.com/object-inspect/download/object-inspect-1.12.0.tgz#6e2c120e868fd1fd18cb4f18c31741d0d6e776f0"
  integrity sha512-Ho2z80bVIvJloH+YzRmpZVQe87+qASmBUKZDWgx9cu+KDrX2ZDH/3tMy+gXbZETVGs2M8YdxObOh7XAtim9Y0g==

param-case@^3.0.4:
  version "3.0.4"
  resolved "https://registry.nlark.com/param-case/download/param-case-3.0.4.tgz?cache=0&sync_timestamp=1624607700998&other_urls=https%3A%2F%2Fregistry.nlark.com%2Fparam-case%2Fdownload%2Fparam-case-3.0.4.tgz#7d17fe4aa12bde34d4a77d91acfb6219caad01c5"
  integrity sha1-fRf+SqEr3jTUp32RrPtiGcqtAcU=
  dependencies:
    dot-case "^3.0.4"
    tslib "^2.0.3"

parse-node-version@^1.0.1:
  version "1.0.1"
  resolved "https://registry.npmmirror.com/parse-node-version/download/parse-node-version-1.0.1.tgz#e2b5dbede00e7fa9bc363607f53327e8b073189b"
  integrity sha1-4rXb7eAOf6m8NjYH9TMn6LBzGJs=

pascal-case@^3.1.2:
  version "3.1.2"
  resolved "https://registry.nlark.com/pascal-case/download/pascal-case-3.1.2.tgz#b48e0ef2b98e205e7c1dae747d0b1508237660eb"
  integrity sha1-tI4O8rmOIF58Ha50fQsVCCN2YOs=
  dependencies:
    no-case "^3.0.4"
    tslib "^2.0.3"

path-case@^3.0.4:
  version "3.0.4"
  resolved "https://registry.npm.taobao.org/path-case/download/path-case-3.0.4.tgz#9168645334eb942658375c56f80b4c0cb5f82c6f"
  integrity sha1-kWhkUzTrlCZYN1xW+AtMDLX4LG8=
  dependencies:
    dot-case "^3.0.4"
    tslib "^2.0.3"

path-parse@^1.0.6:
  version "1.0.7"
  resolved "https://registry.nlark.com/path-parse/download/path-parse-1.0.7.tgz#fbc114b60ca42b30d9daf5858e4bd68bbedb6735"
  integrity sha1-+8EUtgykKzDZ2vWFjkvWi77bZzU=

picocolors@^1.0.0:
  version "1.0.0"
  resolved "https://registry.npmmirror.com/picocolors/download/picocolors-1.0.0.tgz?cache=0&sync_timestamp=1634093339035&other_urls=https%3A%2F%2Fregistry.npmmirror.com%2Fpicocolors%2Fdownload%2Fpicocolors-1.0.0.tgz#cb5bdc74ff3f51892236eaf79d68bc44564ab81c"
  integrity sha1-y1vcdP8/UYkiNur3nWi8RFZKuBw=

picomatch@^2.2.2:
  version "2.3.0"
  resolved "https://registry.nlark.com/picomatch/download/picomatch-2.3.0.tgz?cache=0&other_urls=https%3A%2F%2Fregistry.nlark.com%2Fpicomatch%2Fdownload%2Fpicomatch-2.3.0.tgz#f1f061de8f6a4bf022892e2d128234fb98302972"
  integrity sha1-8fBh3o9qS/AiiS4tEoI0+5gwKXI=

pify@^4.0.1:
  version "4.0.1"
  resolved "https://registry.npm.taobao.org/pify/download/pify-4.0.1.tgz#4b2cd25c50d598735c50292224fd8c6df41e3231"
  integrity sha1-SyzSXFDVmHNcUCkiJP2MbfQeMjE=

postcss@^8.1.10, postcss@^8.3.8:
  version "8.3.11"
  resolved "https://registry.npmmirror.com/postcss/download/postcss-8.3.11.tgz#c3beca7ea811cd5e1c4a3ec6d2e7599ef1f8f858"
  integrity sha1-w77KfqgRzV4cSj7G0udZnvH4+Fg=
  dependencies:
    nanoid "^3.1.30"
    picocolors "^1.0.0"
    source-map-js "^0.6.2"

prr@~1.0.1:
  version "1.0.1"
  resolved "https://registry.nlark.com/prr/download/prr-1.0.1.tgz#d3fc114ba06995a45ec6893f484ceb1d78f5f476"
  integrity sha1-0/wRS6BplaRexok/SEzrHXj19HY=

qs@^6.10.1:
  version "6.10.2"
  resolved "https://registry.npmmirror.com/qs/download/qs-6.10.2.tgz#c1431bea37fc5b24c5bdbafa20f16bdf2a4b9ffe"
  integrity sha512-mSIdjzqznWgfd4pMii7sHtaYF8rx8861hBO80SraY5GT0XQibWZWJSid0avzHGkDIZLImux2S5mXO0Hfct2QCw==
  dependencies:
    side-channel "^1.0.4"

resolve@^1.20.0:
  version "1.20.0"
  resolved "https://registry.nlark.com/resolve/download/resolve-1.20.0.tgz#629a013fb3f70755d6f0b7935cc1c2c5378b1975"
  integrity sha1-YpoBP7P3B1XW8LeTXMHCxTeLGXU=
  dependencies:
    is-core-module "^2.2.0"
    path-parse "^1.0.6"

rollup@^2.57.0:
  version "2.58.1"
  resolved "https://registry.npmmirror.com/rollup/download/rollup-2.58.1.tgz?cache=0&sync_timestamp=1635139908435&other_urls=https%3A%2F%2Fregistry.npmmirror.com%2Frollup%2Fdownload%2Frollup-2.58.1.tgz#b9a0f9e601129d9a4686b7ec3159095f7a73825f"
  integrity sha1-uaD55gESnZpGhrfsMVkJX3pzgl8=
  optionalDependencies:
    fsevents "~2.3.2"

"safer-buffer@>= 2.1.2 < 3":
  version "2.1.2"
  resolved "https://registry.npm.taobao.org/safer-buffer/download/safer-buffer-2.1.2.tgz#44fa161b0187b9549dd84bb91802f9bd8385cd6a"
  integrity sha1-RPoWGwGHuVSd2Eu5GAL5vYOFzWo=

sax@^1.2.4:
  version "1.2.4"
  resolved "https://registry.npm.taobao.org/sax/download/sax-1.2.4.tgz#2816234e2378bddc4e5354fab5caa895df7100d9"
  integrity sha1-KBYjTiN4vdxOU1T6tcqold9xANk=

semver@^5.6.0:
  version "5.7.1"
  resolved "https://registry.nlark.com/semver/download/semver-5.7.1.tgz#a954f931aeba508d307bbf069eff0c01c96116f7"
  integrity sha1-qVT5Ma66UI0we78Gnv8MAclhFvc=

sentence-case@^3.0.4:
  version "3.0.4"
  resolved "https://registry.nlark.com/sentence-case/download/sentence-case-3.0.4.tgz#3645a7b8c117c787fde8702056225bb62a45131f"
  integrity sha1-NkWnuMEXx4f96HAgViJbtipFEx8=
  dependencies:
    no-case "^3.0.4"
    tslib "^2.0.3"
    upper-case-first "^2.0.2"

side-channel@^1.0.4:
  version "1.0.4"
  resolved "https://registry.nlark.com/side-channel/download/side-channel-1.0.4.tgz#efce5c8fdc104ee751b25c58d4290011fa5ea2cf"
  integrity sha1-785cj9wQTudRslxY1CkAEfpeos8=
  dependencies:
    call-bind "^1.0.0"
    get-intrinsic "^1.0.2"
    object-inspect "^1.9.0"

snake-case@^3.0.4:
  version "3.0.4"
  resolved "https://registry.npm.taobao.org/snake-case/download/snake-case-3.0.4.tgz#4f2bbd568e9935abdfd593f34c691dadb49c452c"
  integrity sha1-Tyu9Vo6ZNavf1ZPzTGkdrbScRSw=
  dependencies:
    dot-case "^3.0.4"
    tslib "^2.0.3"

source-map-js@^0.6.2:
  version "0.6.2"
  resolved "https://registry.npm.taobao.org/source-map-js/download/source-map-js-0.6.2.tgz#0bb5de631b41cfbda6cfba8bd05a80efdfd2385e"
  integrity sha1-C7XeYxtBz72mz7qL0FqA79/SOF4=

source-map@0.6.1, source-map@^0.6.1, source-map@~0.6.0:
  version "0.6.1"
  resolved "https://registry.nlark.com/source-map/download/source-map-0.6.1.tgz#74722af32e9614e9c287a8d0bbde48b5e2f1a263"
  integrity sha1-dHIq8y6WFOnCh6jQu95IteLxomM=

sourcemap-codec@^1.4.4:
  version "1.4.8"
  resolved "https://registry.nlark.com/sourcemap-codec/download/sourcemap-codec-1.4.8.tgz#ea804bd94857402e6992d05a38ef1ae35a9ab4c4"
  integrity sha1-6oBL2UhXQC5pktBaOO8a41qatMQ=

tslib@^2.0.3, tslib@^2.3.0:
  version "2.3.1"
  resolved "https://registry.nlark.com/tslib/download/tslib-2.3.1.tgz#e8a335add5ceae51aa261d32a490158ef042ef01"
  integrity sha1-6KM1rdXOrlGqJh0ypJAVjvBC7wE=

universalify@^2.0.0:
  version "2.0.0"
  resolved "https://registry.npm.taobao.org/universalify/download/universalify-2.0.0.tgz#75a4984efedc4b08975c5aeb73f530d02df25717"
  integrity sha1-daSYTv7cSwiXXFrrc/Uw0C3yVxc=

upper-case-first@^2.0.2:
  version "2.0.2"
  resolved "https://registry.npm.taobao.org/upper-case-first/download/upper-case-first-2.0.2.tgz#992c3273f882abd19d1e02894cc147117f844324"
  integrity sha1-mSwyc/iCq9GdHgKJTMFHEX+EQyQ=
  dependencies:
    tslib "^2.0.3"

upper-case@^2.0.2:
  version "2.0.2"
  resolved "https://registry.nlark.com/upper-case/download/upper-case-2.0.2.tgz#d89810823faab1df1549b7d97a76f8662bae6f7a"
  integrity sha1-2JgQgj+qsd8VSbfZenb4Ziuub3o=
  dependencies:
    tslib "^2.0.3"

vant@^3.2.6:
  version "3.3.7"
  resolved "https://registry.npmmirror.com/vant/download/vant-3.3.7.tgz#57e97972148e173b88254402c83191cc6148fdbf"
  integrity sha512-xDNqdBvBAELwkkC4QqzXvcqQJMCP6l0faYDH0aU1dfkIm7Muc+7gqyHMVhPKPFcDGBP33ilZd0Vg2+JoIQWitw==
  dependencies:
    "@vant/icons" "^1.7.1"
    "@vant/popperjs" "^1.1.0"
    "@vant/use" "^1.3.4"

vite-plugin-style-import@^1.2.1:
  version "1.4.1"
  resolved "https://registry.npmmirror.com/vite-plugin-style-import/download/vite-plugin-style-import-1.4.1.tgz#47a66920cce5484640f2faacd73190aac0b91b94"
  integrity sha512-lJCRvm7+So0hHdnSJiJPg9gD5mxtL6YY0jmhEph+k7ArpsyvqOh6han2kG5htbWWDZxHkUN9d1BuTFL//yCLLQ==
  dependencies:
    "@rollup/pluginutils" "^4.1.2"
    change-case "^4.1.2"
    debug "^4.3.3"
    es-module-lexer "^0.9.3"
    fs-extra "^10.0.0"
    magic-string "^0.25.7"

vite@^2.6.4:
  version "2.6.11"
  resolved "https://registry.npmmirror.com/vite/download/vite-2.6.11.tgz?cache=0&sync_timestamp=1635159410826&other_urls=https%3A%2F%2Fregistry.npmmirror.com%2Fvite%2Fdownload%2Fvite-2.6.11.tgz#20d3d8f4b4fe38904a2e425356aab1cb23325e12"
  integrity sha1-INPY9LT+OJBKLkJTVqqxyyMyXhI=
  dependencies:
    esbuild "^0.13.2"
    postcss "^8.3.8"
    resolve "^1.20.0"
    rollup "^2.57.0"
  optionalDependencies:
    fsevents "~2.3.2"

vue-i18n@^9.2.0-beta.16:
  version "9.2.0-beta.25"
  resolved "https://registry.npmmirror.com/vue-i18n/download/vue-i18n-9.2.0-beta.25.tgz#cd26980ab4e7b2131198c23e243d74f3f19f93a1"
  integrity sha512-l/A5W5KLuwnI5NHOV0WQrF79BwVku83ed7wHmq5NLm/Uofmsc8qmgJ95zw8EK3fmSBzb3F1NbjxxK2DZcg8c/g==
  dependencies:
    "@intlify/core-base" "9.2.0-beta.25"
    "@intlify/shared" "9.2.0-beta.25"
    "@intlify/vue-devtools" "9.2.0-beta.25"
    "@vue/devtools-api" "^6.0.0-beta.13"

vue-router@^4.0.12:
  version "4.0.12"
  resolved "https://registry.npmmirror.com/vue-router/download/vue-router-4.0.12.tgz#8dc792cddf5bb1abcc3908f9064136de7e13c460"
  integrity sha512-CPXvfqe+mZLB1kBWssssTiWg4EQERyqJZes7USiqfW9B5N2x+nHlnsM1D3b5CaJ6qgCvMmYJnz+G0iWjNCvXrg==
  dependencies:
    "@vue/devtools-api" "^6.0.0-beta.18"

vue3-google-map@^0.8.3:
  version "0.8.3"
  resolved "https://registry.npmmirror.com/vue3-google-map/download/vue3-google-map-0.8.3.tgz#9e3fdcaf0e309d0ea8c2aac705073758daf12d78"
  integrity sha512-ewIKCpM6JFULdkWvkU0x+HTDJ0PGSJuaL9ziDPT+1yXJHWnsnFeLJ4EqIHAfsZ68hWQp3ZC2EybQm/AfoGb5lA==
  dependencies:
    "@googlemaps/js-api-loader" "^1.12.11"

vue@^3.2.16:
  version "3.2.20"
  resolved "https://registry.npmmirror.com/vue/download/vue-3.2.20.tgz?cache=0&sync_timestamp=1633712767060&other_urls=https%3A%2F%2Fregistry.npmmirror.com%2Fvue%2Fdownload%2Fvue-3.2.20.tgz#940f8aa8bf3e3be78243ca582bad41fcd45ae3e6"
  integrity sha1-lA+KqL8+O+eCQ8pYK61B/NRa4+Y=
  dependencies:
    "@vue/compiler-dom" "3.2.20"
    "@vue/compiler-sfc" "3.2.20"
    "@vue/runtime-dom" "3.2.20"
    "@vue/server-renderer" "3.2.20"
    "@vue/shared" "3.2.20"

vuex@^4.0.2:
  version "4.0.2"
  resolved "https://registry.npmmirror.com/vuex/download/vuex-4.0.2.tgz#f896dbd5bf2a0e963f00c67e9b610de749ccacc9"
  integrity sha512-M6r8uxELjZIK8kTKDGgZTYX/ahzblnzC4isU1tpmEuOIIKmV+TRdc+H4s8ds2NuZ7wpUTdGRzJRtoj+lI+pc0Q==
  dependencies:
    "@vue/devtools-api" "^6.0.0-beta.11"
